
Microsoft Visual Studio Solution File, Format Version 12.00
# Visual Studio Version 16
VisualStudioVersion = 16.0.30320.27
MinimumVisualStudioVersion = 10.0.40219.1
Project("{FAE04EC0-301F-11D3-BF4B-00C04F79EFBC}") = "LessonBook", "LessonBook.csproj", "{2E20E41D-8A78-47DF-B26C-F4A1E1EB6CF4}"
EndProject
Global
	GlobalSection(SolutionConfigurationPlatforms) = preSolution
		Debug|Any CPU = Debug|Any CPU
		Release|Any CPU = Release|Any CPU
	EndGlobalSection
	GlobalSection(ProjectConfigurationPlatforms) = postSolution
		{2E20E41D-8A78-47DF-B26C-F4A1E1EB6CF4}.Debug|Any CPU.ActiveCfg = Debug|Any CPU
		{2E20E41D-8A78-47DF-B26C-F4A1E1EB6CF4}.Debug|Any CPU.Build.0 = Debug|Any CPU
		{2E20E41D-8A78-47DF-B26C-F4A1E1EB6CF4}.Release|Any CPU.ActiveCfg = Release|Any CPU
		{2E20E41D-8A78-47DF-B26C-F4A1E1EB6CF4}.Release|Any CPU.Build.0 = Release|Any CPU
	EndGlobalSection
	GlobalSection(SolutionProperties) = preSolution
		HideSolutionNode = FALSE
	EndGlobalSection
	GlobalSection(ExtensibilityGlobals) = postSolution
		SolutionGuid = {CE54519A-9E83-4CFE-803B-5CD21B9E1305}
	EndGlobalSection
EndGlobal
